
Microsoft Visual Studio Solution File, Format Version 12.00
# Visual Studio 15
VisualStudioVersion = 15.0.27703.2042
MinimumVisualStudioVersion = 10.0.40219.1
Project("{FAE04EC0-301F-11D3-BF4B-00C04F79EFBC}") = "LaVitaLiving", "LaVitaLiving\LaVitaLiving.csproj", "{C25F7FD1-B698-44A7-AAC5-2937BA8A6680}"
EndProject
Project("{FAE04EC0-301F-11D3-BF4B-00C04F79EFBC}") = "LaVitaLiving.Tests", "LaVitaLiving.Tests\LaVitaLiving.Tests.csproj", "{EFC4C451-5AD0-4505-A586-DFC7338BEC07}"
EndProject
Global
	GlobalSection(SolutionConfigurationPlatforms) = preSolution
		Debug|Any CPU = Debug|Any CPU
		Release|Any CPU = Release|Any CPU
	EndGlobalSection
	GlobalSection(ProjectConfigurationPlatforms) = postSolution
		{C25F7FD1-B698-44A7-AAC5-2937BA8A6680}.Debug|Any CPU.ActiveCfg = Debug|Any CPU
		{C25F7FD1-B698-44A7-AAC5-2937BA8A6680}.Debug|Any CPU.Build.0 = Debug|Any CPU
		{C25F7FD1-B698-44A7-AAC5-2937BA8A6680}.Release|Any CPU.ActiveCfg = Release|Any CPU
		{C25F7FD1-B698-44A7-AAC5-2937BA8A6680}.Release|Any CPU.Build.0 = Release|Any CPU
		{EFC4C451-5AD0-4505-A586-DFC7338BEC07}.Debug|Any CPU.ActiveCfg = Debug|Any CPU
		{EFC4C451-5AD0-4505-A586-DFC7338BEC07}.Debug|Any CPU.Build.0 = Debug|Any CPU
		{EFC4C451-5AD0-4505-A586-DFC7338BEC07}.Release|Any CPU.ActiveCfg = Release|Any CPU
		{EFC4C451-5AD0-4505-A586-DFC7338BEC07}.Release|Any CPU.Build.0 = Release|Any CPU
	EndGlobalSection
	GlobalSection(SolutionProperties) = preSolution
		HideSolutionNode = FALSE
	EndGlobalSection
	GlobalSection(ExtensibilityGlobals) = postSolution
		SolutionGuid = {4222BD87-B6E6-43B6-BE03-7AB3BDEBBF63}
	EndGlobalSection
EndGlobal
